
Microsoft Visual Studio Solution File, Format Version 12.00
# Visual Studio Version 17
VisualStudioVersion = 17.4.33213.308
MinimumVisualStudioVersion = 10.0.40219.1
Project("{8BC9CEB8-8B4A-11D0-8D11-00A0C91BC942}") = "cpp_oop_Rectangle_dz2", "cpp_oop_Rectangle_dz2\cpp_oop_Rectangle_dz2.vcxproj", "{ADF5826F-B408-4D66-8381-9AE5BA08C114}"
EndProject
Global
	GlobalSection(SolutionConfigurationPlatforms) = preSolution
		Debug|x64 = Debug|x64
		Debug|x86 = Debug|x86
		Release|x64 = Release|x64
		Release|x86 = Release|x86
	EndGlobalSection
	GlobalSection(ProjectConfigurationPlatforms) = postSolution
		{ADF5826F-B408-4D66-8381-9AE5BA08C114}.Debug|x64.ActiveCfg = Debug|x64
		{ADF5826F-B408-4D66-8381-9AE5BA08C114}.Debug|x64.Build.0 = Debug|x64
		{ADF5826F-B408-4D66-8381-9AE5BA08C114}.Debug|x86.ActiveCfg = Debug|Win32
		{ADF5826F-B408-4D66-8381-9AE5BA08C114}.Debug|x86.Build.0 = Debug|Win32
		{ADF5826F-B408-4D66-8381-9AE5BA08C114}.Release|x64.ActiveCfg = Release|x64
		{ADF5826F-B408-4D66-8381-9AE5BA08C114}.Release|x64.Build.0 = Release|x64
		{ADF5826F-B408-4D66-8381-9AE5BA08C114}.Release|x86.ActiveCfg = Release|Win32
		{ADF5826F-B408-4D66-8381-9AE5BA08C114}.Release|x86.Build.0 = Release|Win32
	EndGlobalSection
	GlobalSection(SolutionProperties) = preSolution
		HideSolutionNode = FALSE
	EndGlobalSection
	GlobalSection(ExtensibilityGlobals) = postSolution
		SolutionGuid = {60BBD1B8-82D5-4C0E-99CC-07F46032771E}
	EndGlobalSection
EndGlobal
